
Microsoft Visual Studio Solution File, Format Version 12.00
# Visual Studio Version 16
VisualStudioVersion = 16.0.30717.126
MinimumVisualStudioVersion = 10.0.40219.1
Project("{FAE04EC0-301F-11D3-BF4B-00C04F79EFBC}") = "MergeApp", "MergeApp\MergeApp.csproj", "{B3408DDC-6595-4196-9013-C5A0649A4B45}"
EndProject
Global
	GlobalSection(SolutionConfigurationPlatforms) = preSolution
		Debug|Any CPU = Debug|Any CPU
		Release|Any CPU = Release|Any CPU
	EndGlobalSection
	GlobalSection(ProjectConfigurationPlatforms) = postSolution
		{B3408DDC-6595-4196-9013-C5A0649A4B45}.Debug|Any CPU.ActiveCfg = Debug|Any CPU
		{B3408DDC-6595-4196-9013-C5A0649A4B45}.Debug|Any CPU.Build.0 = Debug|Any CPU
		{B3408DDC-6595-4196-9013-C5A0649A4B45}.Release|Any CPU.ActiveCfg = Release|Any CPU
		{B3408DDC-6595-4196-9013-C5A0649A4B45}.Release|Any CPU.Build.0 = Release|Any CPU
	EndGlobalSection
	GlobalSection(SolutionProperties) = preSolution
		HideSolutionNode = FALSE
	EndGlobalSection
	GlobalSection(ExtensibilityGlobals) = postSolution
		SolutionGuid = {14CD7D1A-D3A3-43F0-A67F-FBE62B76EF3B}
	EndGlobalSection
EndGlobal
